
Microsoft Visual Studio Solution File, Format Version 12.00
# Visual Studio 15
Project("{FAE04EC0-301F-11D3-BF4B-00C04F79EFBC}") = "Assembly-CSharp", "Assembly-CSharp.csproj", "{5EC2C020-EDA4-9020-C024-4320A59F2B22}"
EndProject
Global
	GlobalSection(SolutionConfigurationPlatforms) = preSolution
		Debug|Any CPU = Debug|Any CPU
		Release|Any CPU = Release|Any CPU
	EndGlobalSection
	GlobalSection(ProjectConfigurationPlatforms) = postSolution
		{5EC2C020-EDA4-9020-C024-4320A59F2B22}.Debug|Any CPU.ActiveCfg = Debug|Any CPU
		{5EC2C020-EDA4-9020-C024-4320A59F2B22}.Debug|Any CPU.Build.0 = Debug|Any CPU
		{5EC2C020-EDA4-9020-C024-4320A59F2B22}.Release|Any CPU.ActiveCfg = Release|Any CPU
		{5EC2C020-EDA4-9020-C024-4320A59F2B22}.Release|Any CPU.Build.0 = Release|Any CPU
	EndGlobalSection
	GlobalSection(SolutionProperties) = preSolution
		HideSolutionNode = FALSE
	EndGlobalSection
EndGlobal
